<?xml version="1.0" encoding="utf-8"?>
<Project ToolsVersion="4.0" xmlns="http://schemas.microsoft.com/developer/msbuild/2003">
  <ItemGroup>
    <Filter Include="Source Files">
      <UniqueIdentifier>{4FC737F1-C7A5-4376-A066-2A32D752A2FF}</UniqueIdentifier>
      <Extensions>cpp;c;cc;cxx;def;odl;idl;hpj;bat;asm;asmx</Extensions>
    </Filter>
    <Filter Include="Header Files">
      <UniqueIdentifier>{93995380-89BD-4b04-88EB-625FBE52EBFB}</UniqueIdentifier>
      <Extensions>h;hh;hpp;hxx;hm;inl;inc;xsd</Extensions>
    </Filter>
    <Filter Include="Resource Files">
      <UniqueIdentifier>{67DA6AB6-F800-4c08-8B7A-83BB121AAD01}</UniqueIdentifier>
      <Extensions>rc;ico;cur;bmp;dlg;rc2;rct;bin;rgs;gif;jpg;jpeg;jpe;resx;tiff;tif;png;wav</Extensions>
    </Filter>
  </ItemGroup>
  <ItemGroup>
    <ClCompile Include="source\ball_tex.c">
      <Filter>Source Files</Filter>
    </ClCompile>
    <ClCompile Include="source\paddle_tex.c">
      <Filter>Source Files</Filter>
    </ClCompile>
    <ClCompile Include="source\menu.c">
      <Filter>Source Files</Filter>
    </ClCompile>
    <ClCompile Include="source\menu_Title_Tex.c">
      <Filter>Source Files</Filter>
    </ClCompile>
    <ClCompile Include="source\quit_Button_Tex.c">
      <Filter>Source Files</Filter>
    </ClCompile>
    <ClCompile Include="source\ball.c">
      <Filter>Source Files</Filter>
    </ClCompile>
    <ClCompile Include="source\button.c">
      <Filter>Source Files</Filter>
    </ClCompile>
    <ClCompile Include="source\single_Button_Tex.c">
      <Filter>Source Files</Filter>
    </ClCompile>
    <ClCompile Include="source\double_Button_Tex.c">
      <Filter>Source Files</Filter>
    </ClCompile>
    <ClCompile Include="source\button_Selector_Tex.c">
      <Filter>Source Files</Filter>
    </ClCompile>
    <ClCompile Include="source\game_title_tex.c">
      <Filter>Source Files</Filter>
    </ClCompile>
    <ClCompile Include="source\two_player_mode.c">
      <Filter>Source Files</Filter>
    </ClCompile>
    <ClCompile Include="source\midline_Tex.c">
      <Filter>Source Files</Filter>
    </ClCompile>
    <ClCompile Include="source\paddle.c">
      <Filter>Source Files</Filter>
    </ClCompile>
    <ClCompile Include="source\main.c">
      <Filter>Source Files</Filter>
    </ClCompile>
  </ItemGroup>
  <ItemGroup>
    <ClInclude Include="source\images.h">
      <Filter>Header Files</Filter>
    </ClInclude>
    <ClInclude Include="source\game_states.h">
      <Filter>Header Files</Filter>
    </ClInclude>
    <ClInclude Include="source\menu.h">
      <Filter>Header Files</Filter>
    </ClInclude>
    <ClInclude Include="source\button.h">
      <Filter>Header Files</Filter>
    </ClInclude>
    <ClInclude Include="source\ball.h">
      <Filter>Header Files</Filter>
    </ClInclude>
    <ClInclude Include="source\two_player_mode.h">
      <Filter>Header Files</Filter>
    </ClInclude>
    <ClInclude Include="source\paddle.h">
      <Filter>Header Files</Filter>
    </ClInclude>
  </ItemGroup>
  <ItemGroup>
    <None Include="Makefile" />
  </ItemGroup>
</Project>